
Microsoft Visual Studio Solution File, Format Version 12.00
# Visual Studio Version 16
VisualStudioVersion = 16.0.30907.101
MinimumVisualStudioVersion = 10.0.40219.1
Project("{9A19103F-16F7-4668-BE54-9A1E7A4F7556}") = "Methods", "methods\Methods.csproj", "{5A037120-DC7D-4448-BFC0-F94216532E9F}"
EndProject
Project("{9A19103F-16F7-4668-BE54-9A1E7A4F7556}") = "Math", "Math\Math.csproj", "{4A9DC3C2-86BF-42D8-894D-2A2250D22156}"
EndProject
Project("{9A19103F-16F7-4668-BE54-9A1E7A4F7556}") = "ValueAndReferenceTypes", "ValueAndReferenceTypes\ValueAndReferenceTypes.csproj", "{57CA2A0F-45D4-427F-9D65-74B2769481D7}"
EndProject
Project("{9A19103F-16F7-4668-BE54-9A1E7A4F7556}") = "ClassMethodDemo", "ClassMethodDemo\ClassMethodDemo.csproj", "{936D0E01-A354-4574-B978-4FE397DFA0C1}"
EndProject
Project("{9A19103F-16F7-4668-BE54-9A1E7A4F7556}") = "OOP1", "OOP1\OOP1.csproj", "{FAC01EDF-DFB4-4F33-A1B8-6FC91984F8D4}"
EndProject
Project("{9A19103F-16F7-4668-BE54-9A1E7A4F7556}") = "Collections", "Collections\Collections.csproj", "{0AE2ABEE-E04B-4DC1-B5FF-BCA2F80AD8ED}"
EndProject
Project("{9A19103F-16F7-4668-BE54-9A1E7A4F7556}") = "GenericsIntro", "GenericsIntro\GenericsIntro.csproj", "{765F0927-AC86-4329-B175-51A3F44776DB}"
EndProject
Project("{FAE04EC0-301F-11D3-BF4B-00C04F79EFBC}") = "OOP2", "OOP2\OOP2.csproj", "{E11B82FA-28BD-4A0D-98FB-1A6B72ABA2FC}"
EndProject
Project("{FAE04EC0-301F-11D3-BF4B-00C04F79EFBC}") = "OOP3", "OOP3\OOP3.csproj", "{1C6B22CA-AD7B-4356-B8D7-974A4FE3AD91}"
EndProject
Global
	GlobalSection(SolutionConfigurationPlatforms) = preSolution
		Debug|Any CPU = Debug|Any CPU
		Release|Any CPU = Release|Any CPU
	EndGlobalSection
	GlobalSection(ProjectConfigurationPlatforms) = postSolution
		{5A037120-DC7D-4448-BFC0-F94216532E9F}.Debug|Any CPU.ActiveCfg = Debug|Any CPU
		{5A037120-DC7D-4448-BFC0-F94216532E9F}.Debug|Any CPU.Build.0 = Debug|Any CPU
		{5A037120-DC7D-4448-BFC0-F94216532E9F}.Release|Any CPU.ActiveCfg = Release|Any CPU
		{5A037120-DC7D-4448-BFC0-F94216532E9F}.Release|Any CPU.Build.0 = Release|Any CPU
		{4A9DC3C2-86BF-42D8-894D-2A2250D22156}.Debug|Any CPU.ActiveCfg = Debug|Any CPU
		{4A9DC3C2-86BF-42D8-894D-2A2250D22156}.Debug|Any CPU.Build.0 = Debug|Any CPU
		{4A9DC3C2-86BF-42D8-894D-2A2250D22156}.Release|Any CPU.ActiveCfg = Release|Any CPU
		{4A9DC3C2-86BF-42D8-894D-2A2250D22156}.Release|Any CPU.Build.0 = Release|Any CPU
		{57CA2A0F-45D4-427F-9D65-74B2769481D7}.Debug|Any CPU.ActiveCfg = Debug|Any CPU
		{57CA2A0F-45D4-427F-9D65-74B2769481D7}.Debug|Any CPU.Build.0 = Debug|Any CPU
		{57CA2A0F-45D4-427F-9D65-74B2769481D7}.Release|Any CPU.ActiveCfg = Release|Any CPU
		{57CA2A0F-45D4-427F-9D65-74B2769481D7}.Release|Any CPU.Build.0 = Release|Any CPU
		{936D0E01-A354-4574-B978-4FE397DFA0C1}.Debug|Any CPU.ActiveCfg = Debug|Any CPU
		{936D0E01-A354-4574-B978-4FE397DFA0C1}.Debug|Any CPU.Build.0 = Debug|Any CPU
		{936D0E01-A354-4574-B978-4FE397DFA0C1}.Release|Any CPU.ActiveCfg = Release|Any CPU
		{936D0E01-A354-4574-B978-4FE397DFA0C1}.Release|Any CPU.Build.0 = Release|Any CPU
		{FAC01EDF-DFB4-4F33-A1B8-6FC91984F8D4}.Debug|Any CPU.ActiveCfg = Debug|Any CPU
		{FAC01EDF-DFB4-4F33-A1B8-6FC91984F8D4}.Debug|Any CPU.Build.0 = Debug|Any CPU
		{FAC01EDF-DFB4-4F33-A1B8-6FC91984F8D4}.Release|Any CPU.ActiveCfg = Release|Any CPU
		{FAC01EDF-DFB4-4F33-A1B8-6FC91984F8D4}.Release|Any CPU.Build.0 = Release|Any CPU
		{0AE2ABEE-E04B-4DC1-B5FF-BCA2F80AD8ED}.Debug|Any CPU.ActiveCfg = Debug|Any CPU
		{0AE2ABEE-E04B-4DC1-B5FF-BCA2F80AD8ED}.Debug|Any CPU.Build.0 = Debug|Any CPU
		{0AE2ABEE-E04B-4DC1-B5FF-BCA2F80AD8ED}.Release|Any CPU.ActiveCfg = Release|Any CPU
		{0AE2ABEE-E04B-4DC1-B5FF-BCA2F80AD8ED}.Release|Any CPU.Build.0 = Release|Any CPU
		{765F0927-AC86-4329-B175-51A3F44776DB}.Debug|Any CPU.ActiveCfg = Debug|Any CPU
		{765F0927-AC86-4329-B175-51A3F44776DB}.Debug|Any CPU.Build.0 = Debug|Any CPU
		{765F0927-AC86-4329-B175-51A3F44776DB}.Release|Any CPU.ActiveCfg = Release|Any CPU
		{765F0927-AC86-4329-B175-51A3F44776DB}.Release|Any CPU.Build.0 = Release|Any CPU
		{E11B82FA-28BD-4A0D-98FB-1A6B72ABA2FC}.Debug|Any CPU.ActiveCfg = Debug|Any CPU
		{E11B82FA-28BD-4A0D-98FB-1A6B72ABA2FC}.Debug|Any CPU.Build.0 = Debug|Any CPU
		{E11B82FA-28BD-4A0D-98FB-1A6B72ABA2FC}.Release|Any CPU.ActiveCfg = Release|Any CPU
		{E11B82FA-28BD-4A0D-98FB-1A6B72ABA2FC}.Release|Any CPU.Build.0 = Release|Any CPU
		{1C6B22CA-AD7B-4356-B8D7-974A4FE3AD91}.Debug|Any CPU.ActiveCfg = Debug|Any CPU
		{1C6B22CA-AD7B-4356-B8D7-974A4FE3AD91}.Debug|Any CPU.Build.0 = Debug|Any CPU
		{1C6B22CA-AD7B-4356-B8D7-974A4FE3AD91}.Release|Any CPU.ActiveCfg = Release|Any CPU
		{1C6B22CA-AD7B-4356-B8D7-974A4FE3AD91}.Release|Any CPU.Build.0 = Release|Any CPU
	EndGlobalSection
	GlobalSection(SolutionProperties) = preSolution
		HideSolutionNode = FALSE
	EndGlobalSection
	GlobalSection(ExtensibilityGlobals) = postSolution
		SolutionGuid = {F2CECB97-7CDE-4386-A579-7F2F335ADDBD}
	EndGlobalSection
EndGlobal
